
Microsoft Visual Studio Solution File, Format Version 12.00
# Visual Studio Version 16
VisualStudioVersion = 16.0.30104.148
MinimumVisualStudioVersion = 10.0.40219.1
Project("{FAE04EC0-301F-11D3-BF4B-00C04F79EFBC}") = "BlazorSignalRApp.Server", "BlazorSignalRApp\Server\BlazorSignalRApp.Server.csproj", "{7925BB53-2941-40AC-8E7C-699836B85E34}"
EndProject
Project("{FAE04EC0-301F-11D3-BF4B-00C04F79EFBC}") = "BlazorSignalRApp.Client", "BlazorSignalRApp\Client\BlazorSignalRApp.Client.csproj", "{C668E64C-D9F3-41A8-BF6F-D03113328588}"
EndProject
Project("{FAE04EC0-301F-11D3-BF4B-00C04F79EFBC}") = "BlazorSignalRApp.Shared", "BlazorSignalRApp\Shared\BlazorSignalRApp.Shared.csproj", "{97072388-ED42-4A60-B44B-52A4EE85C797}"
EndProject
Global
	GlobalSection(SolutionConfigurationPlatforms) = preSolution
		Debug|Any CPU = Debug|Any CPU
		Release|Any CPU = Release|Any CPU
	EndGlobalSection
	GlobalSection(ProjectConfigurationPlatforms) = postSolution
		{7925BB53-2941-40AC-8E7C-699836B85E34}.Debug|Any CPU.ActiveCfg = Debug|Any CPU
		{7925BB53-2941-40AC-8E7C-699836B85E34}.Debug|Any CPU.Build.0 = Debug|Any CPU
		{7925BB53-2941-40AC-8E7C-699836B85E34}.Release|Any CPU.ActiveCfg = Release|Any CPU
		{7925BB53-2941-40AC-8E7C-699836B85E34}.Release|Any CPU.Build.0 = Release|Any CPU
		{C668E64C-D9F3-41A8-BF6F-D03113328588}.Debug|Any CPU.ActiveCfg = Debug|Any CPU
		{C668E64C-D9F3-41A8-BF6F-D03113328588}.Debug|Any CPU.Build.0 = Debug|Any CPU
		{C668E64C-D9F3-41A8-BF6F-D03113328588}.Release|Any CPU.ActiveCfg = Release|Any CPU
		{C668E64C-D9F3-41A8-BF6F-D03113328588}.Release|Any CPU.Build.0 = Release|Any CPU
		{97072388-ED42-4A60-B44B-52A4EE85C797}.Debug|Any CPU.ActiveCfg = Debug|Any CPU
		{97072388-ED42-4A60-B44B-52A4EE85C797}.Debug|Any CPU.Build.0 = Debug|Any CPU
		{97072388-ED42-4A60-B44B-52A4EE85C797}.Release|Any CPU.ActiveCfg = Release|Any CPU
		{97072388-ED42-4A60-B44B-52A4EE85C797}.Release|Any CPU.Build.0 = Release|Any CPU
	EndGlobalSection
	GlobalSection(SolutionProperties) = preSolution
		HideSolutionNode = FALSE
	EndGlobalSection
	GlobalSection(ExtensibilityGlobals) = postSolution
		SolutionGuid = {59F126EB-0317-4AA9-90AE-E54C555C0B16}
	EndGlobalSection
EndGlobal
